
Microsoft Visual Studio Solution File, Format Version 12.00
# Visual Studio Version 17
VisualStudioVersion = 17.3.32901.215
MinimumVisualStudioVersion = 10.0.40219.1
Project("{FAE04EC0-301F-11D3-BF4B-00C04F79EFBC}") = "ExampleProject", "ExampleProject\ExampleProject.csproj", "{16CE37F5-CD05-40A9-ADB6-406DB30705EE}"
EndProject
Global
	GlobalSection(SolutionConfigurationPlatforms) = preSolution
		Debug|Any CPU = Debug|Any CPU
		Release|Any CPU = Release|Any CPU
	EndGlobalSection
	GlobalSection(ProjectConfigurationPlatforms) = postSolution
		{16CE37F5-CD05-40A9-ADB6-406DB30705EE}.Debug|Any CPU.ActiveCfg = Debug|Any CPU
		{16CE37F5-CD05-40A9-ADB6-406DB30705EE}.Debug|Any CPU.Build.0 = Debug|Any CPU
		{16CE37F5-CD05-40A9-ADB6-406DB30705EE}.Release|Any CPU.ActiveCfg = Release|Any CPU
		{16CE37F5-CD05-40A9-ADB6-406DB30705EE}.Release|Any CPU.Build.0 = Release|Any CPU
	EndGlobalSection
	GlobalSection(SolutionProperties) = preSolution
		HideSolutionNode = FALSE
	EndGlobalSection
	GlobalSection(ExtensibilityGlobals) = postSolution
		SolutionGuid = {8BE92E2A-BC6F-46C8-ADB8-20B52FE836AC}
	EndGlobalSection
EndGlobal
